// !$*UTF8*$!
{
	archiveVersion = 1;
	classes = {
	};
	objectVersion = 50;
	objects = {

/* Begin PBXBuildFile section */
		185B719120DC4C8300FEFF5A /* AppDelegate.swift in Sources */ = {isa = PBXBuildFile; fileRef = 185B719020DC4C8300FEFF5A /* AppDelegate.swift */; };
		185B719320DC4C8300FEFF5A /* WelcomeViewController.swift in Sources */ = {isa = PBXBuildFile; fileRef = 185B719220DC4C8300FEFF5A /* WelcomeViewController.swift */; };
		185B719620DC4C8300FEFF5A /* Main.storyboard in Resources */ = {isa = PBXBuildFile; fileRef = 185B719420DC4C8300FEFF5A /* Main.storyboard */; };
		185B719820DC4C8500FEFF5A /* Assets.xcassets in Resources */ = {isa = PBXBuildFile; fileRef = 185B719720DC4C8500FEFF5A /* Assets.xcassets */; };
		185B719B20DC4C8500FEFF5A /* LaunchScreen.storyboard in Resources */ = {isa = PBXBuildFile; fileRef = 185B719920DC4C8500FEFF5A /* LaunchScreen.storyboard */; };
		185B71A520DCEB6200FEFF5A /* SignInViewController.swift in Sources */ = {isa = PBXBuildFile; fileRef = 185B71A420DCEB6200FEFF5A /* SignInViewController.swift */; };
		185B71A720DCEB7200FEFF5A /* SignUpViewController.swift in Sources */ = {isa = PBXBuildFile; fileRef = 185B71A620DCEB7200FEFF5A /* SignUpViewController.swift */; };
		185B71AD20DD026500FEFF5A /* GoogleService-Info.plist in Resources */ = {isa = PBXBuildFile; fileRef = 185B71AC20DD026500FEFF5A /* GoogleService-Info.plist */; };
		187A926420E253E200D673E7 /* RepoService.swift in Sources */ = {isa = PBXBuildFile; fileRef = 187A926320E253E200D673E7 /* RepoService.swift */; };
		189FC0CB20DD249A00572A37 /* RepoListViewController.swift in Sources */ = {isa = PBXBuildFile; fileRef = 189FC0CA20DD249A00572A37 /* RepoListViewController.swift */; };
		8EF5D33945C5F741B23C10C3 /* Pods_GitHunt.framework in Frameworks */ = {isa = PBXBuildFile; fileRef = 4FB4384C15B5EA7A1818A98F /* Pods_GitHunt.framework */; };
/* End PBXBuildFile section */

/* Begin PBXFileReference section */
		185B718D20DC4C8300FEFF5A /* GitHunt.app */ = {isa = PBXFileReference; explicitFileType = wrapper.application; includeInIndex = 0; path = GitHunt.app; sourceTree = BUILT_PRODUCTS_DIR; };
		185B719020DC4C8300FEFF5A /* AppDelegate.swift */ = {isa = PBXFileReference; lastKnownFileType = sourcecode.swift; path = AppDelegate.swift; sourceTree = "<group>"; };
		185B719220DC4C8300FEFF5A /* WelcomeViewController.swift */ = {isa = PBXFileReference; lastKnownFileType = sourcecode.swift; path = WelcomeViewController.swift; sourceTree = "<group>"; };
		185B719520DC4C8300FEFF5A /* Base */ = {isa = PBXFileReference; lastKnownFileType = file.storyboard; name = Base; path = Base.lproj/Main.storyboard; sourceTree = "<group>"; };
		185B719720DC4C8500FEFF5A /* Assets.xcassets */ = {isa = PBXFileReference; lastKnownFileType = folder.assetcatalog; path = Assets.xcassets; sourceTree = "<group>"; };
		185B719A20DC4C8500FEFF5A /* Base */ = {isa = PBXFileReference; lastKnownFileType = file.storyboard; name = Base; path = Base.lproj/LaunchScreen.storyboard; sourceTree = "<group>"; };
		185B719C20DC4C8500FEFF5A /* Info.plist */ = {isa = PBXFileReference; lastKnownFileType = text.plist.xml; path = Info.plist; sourceTree = "<group>"; };
		185B71A420DCEB6200FEFF5A /* SignInViewController.swift */ = {isa = PBXFileReference; lastKnownFileType = sourcecode.swift; path = SignInViewController.swift; sourceTree = "<group>"; };
		185B71A620DCEB7200FEFF5A /* SignUpViewController.swift */ = {isa = PBXFileReference; lastKnownFileType = sourcecode.swift; path = SignUpViewController.swift; sourceTree = "<group>"; };
		185B71AC20DD026500FEFF5A /* GoogleService-Info.plist */ = {isa = PBXFileReference; fileEncoding = 4; lastKnownFileType = text.plist.xml; path = "GoogleService-Info.plist"; sourceTree = "<group>"; };
		187A926320E253E200D673E7 /* RepoService.swift */ = {isa = PBXFileReference; lastKnownFileType = sourcecode.swift; path = RepoService.swift; sourceTree = "<group>"; };
		189FC0CA20DD249A00572A37 /* RepoListViewController.swift */ = {isa = PBXFileReference; lastKnownFileType = sourcecode.swift; path = RepoListViewController.swift; sourceTree = "<group>"; };
		189FC0CC20DD432400572A37 /* GitHunt.entitlements */ = {isa = PBXFileReference; lastKnownFileType = text.plist.entitlements; path = GitHunt.entitlements; sourceTree = "<group>"; };
		2923B626644A8CE014A1FF38 /* Pods-GitHunt.release.xcconfig */ = {isa = PBXFileReference; includeInIndex = 1; lastKnownFileType = text.xcconfig; name = "Pods-GitHunt.release.xcconfig"; path = "Pods/Target Support Files/Pods-GitHunt/Pods-GitHunt.release.xcconfig"; sourceTree = "<group>"; };
		4FB4384C15B5EA7A1818A98F /* Pods_GitHunt.framework */ = {isa = PBXFileReference; explicitFileType = wrapper.framework; includeInIndex = 0; path = Pods_GitHunt.framework; sourceTree = BUILT_PRODUCTS_DIR; };
		B09F054E5691234539FF7A4D /* Pods-GitHunt.debug.xcconfig */ = {isa = PBXFileReference; includeInIndex = 1; lastKnownFileType = text.xcconfig; name = "Pods-GitHunt.debug.xcconfig"; path = "Pods/Target Support Files/Pods-GitHunt/Pods-GitHunt.debug.xcconfig"; sourceTree = "<group>"; };
/* End PBXFileReference section */

/* Begin PBXFrameworksBuildPhase section */
		185B718A20DC4C8300FEFF5A /* Frameworks */ = {
			isa = PBXFrameworksBuildPhase;
			buildActionMask = 2147483647;
			files = (
				8EF5D33945C5F741B23C10C3 /* Pods_GitHunt.framework in Frameworks */,
			);
			runOnlyForDeploymentPostprocessing = 0;
		};
/* End PBXFrameworksBuildPhase section */

/* Begin PBXGroup section */
		185B718420DC4C8300FEFF5A = {
			isa = PBXGroup;
			children = (
				185B718F20DC4C8300FEFF5A /* GitHunt */,
				185B718E20DC4C8300FEFF5A /* Products */,
				C8987907365363D0CAC8D777 /* Pods */,
				9F55253B5F37EB8577ACBD05 /* Frameworks */,
			);
			sourceTree = "<group>";
		};
		185B718E20DC4C8300FEFF5A /* Products */ = {
			isa = PBXGroup;
			children = (
				185B718D20DC4C8300FEFF5A /* GitHunt.app */,
			);
			name = Products;
			sourceTree = "<group>";
		};
		185B718F20DC4C8300FEFF5A /* GitHunt */ = {
			isa = PBXGroup;
			children = (
				189FC0CC20DD432400572A37 /* GitHunt.entitlements */,
				185B71A820DCEBAD00FEFF5A /* Model */,
				185B71A920DCEBB300FEFF5A /* View */,
				185B71AA20DCEBC100FEFF5A /* Controller */,
				185B71AB20DCEBF300FEFF5A /* Supporting Files */,
				185B719720DC4C8500FEFF5A /* Assets.xcassets */,
			);
			path = GitHunt;
			sourceTree = "<group>";
		};
		185B71A820DCEBAD00FEFF5A /* Model */ = {
			isa = PBXGroup;
			children = (
				187A926320E253E200D673E7 /* RepoService.swift */,
			);
			path = Model;
			sourceTree = "<group>";
		};
		185B71A920DCEBB300FEFF5A /* View */ = {
			isa = PBXGroup;
			children = (
				185B719920DC4C8500FEFF5A /* LaunchScreen.storyboard */,
				185B719420DC4C8300FEFF5A /* Main.storyboard */,
			);
			path = View;
			sourceTree = "<group>";
		};
		185B71AA20DCEBC100FEFF5A /* Controller */ = {
			isa = PBXGroup;
			children = (
				185B719020DC4C8300FEFF5A /* AppDelegate.swift */,
				185B719220DC4C8300FEFF5A /* WelcomeViewController.swift */,
				185B71A420DCEB6200FEFF5A /* SignInViewController.swift */,
				185B71A620DCEB7200FEFF5A /* SignUpViewController.swift */,
				189FC0CA20DD249A00572A37 /* RepoListViewController.swift */,
			);
			path = Controller;
			sourceTree = "<group>";
		};
		185B71AB20DCEBF300FEFF5A /* Supporting Files */ = {
			isa = PBXGroup;
			children = (
				185B719C20DC4C8500FEFF5A /* Info.plist */,
				185B71AC20DD026500FEFF5A /* GoogleService-Info.plist */,
			);
			path = "Supporting Files";
			sourceTree = "<group>";
		};
		9F55253B5F37EB8577ACBD05 /* Frameworks */ = {
			isa = PBXGroup;
			children = (
				4FB4384C15B5EA7A1818A98F /* Pods_GitHunt.framework */,
			);
			name = Frameworks;
			sourceTree = "<group>";
		};
		C8987907365363D0CAC8D777 /* Pods */ = {
			isa = PBXGroup;
			children = (
				B09F054E5691234539FF7A4D /* Pods-GitHunt.debug.xcconfig */,
				2923B626644A8CE014A1FF38 /* Pods-GitHunt.release.xcconfig */,
			);
			name = Pods;
			sourceTree = "<group>";
		};
/* End PBXGroup section */

/* Begin PBXNativeTarget section */
		185B718C20DC4C8300FEFF5A /* GitHunt */ = {
			isa = PBXNativeTarget;
			buildConfigurationList = 185B719F20DC4C8500FEFF5A /* Build configuration list for PBXNativeTarget "GitHunt" */;
			buildPhases = (
				E3D22E273F5A69A2722F7B76 /* [CP] Check Pods Manifest.lock */,
				185B718920DC4C8300FEFF5A /* Sources */,
				185B718A20DC4C8300FEFF5A /* Frameworks */,
				185B718B20DC4C8300FEFF5A /* Resources */,
				7035212A9664153180F32DD0 /* [CP] Embed Pods Frameworks */,
			);
			buildRules = (
			);
			dependencies = (
			);
			name = GitHunt;
			productName = GitHunt;
			productReference = 185B718D20DC4C8300FEFF5A /* GitHunt.app */;
			productType = "com.apple.product-type.application";
		};
/* End PBXNativeTarget section */

/* Begin PBXProject section */
		185B718520DC4C8300FEFF5A /* Project object */ = {
			isa = PBXProject;
			attributes = {
				LastSwiftUpdateCheck = 0940;
				LastUpgradeCheck = 0940;
				ORGANIZATIONNAME = Othmane;
				TargetAttributes = {
					185B718C20DC4C8300FEFF5A = {
						CreatedOnToolsVersion = 9.4.1;
						SystemCapabilities = {
							com.apple.Keychain = {
								enabled = 1;
							};
						};
					};
				};
			};
			buildConfigurationList = 185B718820DC4C8300FEFF5A /* Build configuration list for PBXProject "GitHunt" */;
			compatibilityVersion = "Xcode 9.3";
			developmentRegion = en;
			hasScannedForEncodings = 0;
			knownRegions = (
				en,
				Base,
			);
			mainGroup = 185B718420DC4C8300FEFF5A;
			productRefGroup = 185B718E20DC4C8300FEFF5A /* Products */;
			projectDirPath = "";
			projectRoot = "";
			targets = (
				185B718C20DC4C8300FEFF5A /* GitHunt */,
			);
		};
/* End PBXProject section */

/* Begin PBXResourcesBuildPhase section */
		185B718B20DC4C8300FEFF5A /* Resources */ = {
			isa = PBXResourcesBuildPhase;
			buildActionMask = 2147483647;
			files = (
				185B719B20DC4C8500FEFF5A /* LaunchScreen.storyboard in Resources */,
				185B71AD20DD026500FEFF5A /* GoogleService-Info.plist in Resources */,
				185B719820DC4C8500FEFF5A /* Assets.xcassets in Resources */,
				185B719620DC4C8300FEFF5A /* Main.storyboard in Resources */,
			);
			runOnlyForDeploymentPostprocessing = 0;
		};
/* End PBXResourcesBuildPhase section */

/* Begin PBXShellScriptBuildPhase section */
		7035212A9664153180F32DD0 /* [CP] Embed Pods Frameworks */ = {
			isa = PBXShellScriptBuildPhase;
			buildActionMask = 2147483647;
			files = (
			);
			inputPaths = (
				"${SRCROOT}/Pods/Target Support Files/Pods-GitHunt/Pods-GitHunt-frameworks.sh",
				"${BUILT_PRODUCTS_DIR}/Alamofire/Alamofire.framework",
				"${BUILT_PRODUCTS_DIR}/ChameleonFramework/ChameleonFramework.framework",
				"${BUILT_PRODUCTS_DIR}/GTMSessionFetcher/GTMSessionFetcher.framework",
				"${BUILT_PRODUCTS_DIR}/GoogleToolboxForMac/GoogleToolboxForMac.framework",
				"${BUILT_PRODUCTS_DIR}/Moya/Moya.framework",
				"${BUILT_PRODUCTS_DIR}/Result/Result.framework",
				"${BUILT_PRODUCTS_DIR}/SVProgressHUD/SVProgressHUD.framework",
				"${BUILT_PRODUCTS_DIR}/SwiftyJSON/SwiftyJSON.framework",
				"${BUILT_PRODUCTS_DIR}/leveldb-library/leveldb.framework",
				"${BUILT_PRODUCTS_DIR}/nanopb/nanopb.framework",
			);
			name = "[CP] Embed Pods Frameworks";
			outputPaths = (
				"${TARGET_BUILD_DIR}/${FRAMEWORKS_FOLDER_PATH}/Alamofire.framework",
				"${TARGET_BUILD_DIR}/${FRAMEWORKS_FOLDER_PATH}/ChameleonFramework.framework",
				"${TARGET_BUILD_DIR}/${FRAMEWORKS_FOLDER_PATH}/GTMSessionFetcher.framework",
				"${TARGET_BUILD_DIR}/${FRAMEWORKS_FOLDER_PATH}/GoogleToolboxForMac.framework",
				"${TARGET_BUILD_DIR}/${FRAMEWORKS_FOLDER_PATH}/Moya.framework",
				"${TARGET_BUILD_DIR}/${FRAMEWORKS_FOLDER_PATH}/Result.framework",
				"${TARGET_BUILD_DIR}/${FRAMEWORKS_FOLDER_PATH}/SVProgressHUD.framework",
				"${TARGET_BUILD_DIR}/${FRAMEWORKS_FOLDER_PATH}/SwiftyJSON.framework",
				"${TARGET_BUILD_DIR}/${FRAMEWORKS_FOLDER_PATH}/leveldb.framework",
				"${TARGET_BUILD_DIR}/${FRAMEWORKS_FOLDER_PATH}/nanopb.framework",
			);
			runOnlyForDeploymentPostprocessing = 0;
			shellPath = /bin/sh;
			shellScript = "\"${SRCROOT}/Pods/Target Support Files/Pods-GitHunt/Pods-GitHunt-frameworks.sh\"\n";
			showEnvVarsInLog = 0;
		};
		E3D22E273F5A69A2722F7B76 /* [CP] Check Pods Manifest.lock */ = {
			isa = PBXShellScriptBuildPhase;
			buildActionMask = 2147483647;
			files = (
			);
			inputPaths = (
				"${PODS_PODFILE_DIR_PATH}/Podfile.lock",
				"${PODS_ROOT}/Manifest.lock",
			);
			name = "[CP] Check Pods Manifest.lock";
			outputPaths = (
				"$(DERIVED_FILE_DIR)/Pods-GitHunt-checkManifestLockResult.txt",
			);
			runOnlyForDeploymentPostprocessing = 0;
			shellPath = /bin/sh;
			shellScript = "diff \"${PODS_PODFILE_DIR_PATH}/Podfile.lock\" \"${PODS_ROOT}/Manifest.lock\" > /dev/null\nif [ $? != 0 ] ; then\n    # print error to STDERR\n    echo \"error: The sandbox is not in sync with the Podfile.lock. Run 'pod install' or update your CocoaPods installation.\" >&2\n    exit 1\nfi\n# This output is used by Xcode 'outputs' to avoid re-running this script phase.\necho \"SUCCESS\" > \"${SCRIPT_OUTPUT_FILE_0}\"\n";
			showEnvVarsInLog = 0;
		};
/* End PBXShellScriptBuildPhase section */

/* Begin PBXSourcesBuildPhase section */
		185B718920DC4C8300FEFF5A /* Sources */ = {
			isa = PBXSourcesBuildPhase;
			buildActionMask = 2147483647;
			files = (
				185B719320DC4C8300FEFF5A /* WelcomeViewController.swift in Sources */,
				185B719120DC4C8300FEFF5A /* AppDelegate.swift in Sources */,
				189FC0CB20DD249A00572A37 /* RepoListViewController.swift in Sources */,
				187A926420E253E200D673E7 /* RepoService.swift in Sources */,
				185B71A720DCEB7200FEFF5A /* SignUpViewController.swift in Sources */,
				185B71A520DCEB6200FEFF5A /* SignInViewController.swift in Sources */,
			);
			runOnlyForDeploymentPostprocessing = 0;
		};
/* End PBXSourcesBuildPhase section */

/* Begin PBXVariantGroup section */
		185B719420DC4C8300FEFF5A /* Main.storyboard */ = {
			isa = PBXVariantGroup;
			children = (
				185B719520DC4C8300FEFF5A /* Base */,
			);
			name = Main.storyboard;
			sourceTree = "<group>";
		};
		185B719920DC4C8500FEFF5A /* LaunchScreen.storyboard */ = {
			isa = PBXVariantGroup;
			children = (
				185B719A20DC4C8500FEFF5A /* Base */,
			);
			name = LaunchScreen.storyboard;
			sourceTree = "<group>";
		};
/* End PBXVariantGroup section */

/* Begin XCBuildConfiguration section */
		185B719D20DC4C8500FEFF5A /* Debug */ = {
			isa = XCBuildConfiguration;
			buildSettings = {
				ALWAYS_SEARCH_USER_PATHS = NO;
				CLANG_ANALYZER_NONNULL = YES;
				CLANG_ANALYZER_NUMBER_OBJECT_CONVERSION = YES_AGGRESSIVE;
				CLANG_CXX_LANGUAGE_STANDARD = "gnu++14";
				CLANG_CXX_LIBRARY = "libc++";
				CLANG_ENABLE_MODULES = YES;
				CLANG_ENABLE_OBJC_ARC = YES;
				CLANG_ENABLE_OBJC_WEAK = YES;
				CLANG_WARN_BLOCK_CAPTURE_AUTORELEASING = YES;
				CLANG_WARN_BOOL_CONVERSION = YES;
				CLANG_WARN_COMMA = YES;
				CLANG_WARN_CONSTANT_CONVERSION = YES;
				CLANG_WARN_DEPRECATED_OBJC_IMPLEMENTATIONS = YES;
				CLANG_WARN_DIRECT_OBJC_ISA_USAGE = YES_ERROR;
				CLANG_WARN_DOCUMENTATION_COMMENTS = YES;
				CLANG_WARN_EMPTY_BODY = YES;
				CLANG_WARN_ENUM_CONVERSION = YES;
				CLANG_WARN_INFINITE_RECURSION = YES;
				CLANG_WARN_INT_CONVERSION = YES;
				CLANG_WARN_NON_LITERAL_NULL_CONVERSION = YES;
				CLANG_WARN_OBJC_IMPLICIT_RETAIN_SELF = YES;
				CLANG_WARN_OBJC_LITERAL_CONVERSION = YES;
				CLANG_WARN_OBJC_ROOT_CLASS = YES_ERROR;
				CLANG_WARN_RANGE_LOOP_ANALYSIS = YES;
				CLANG_WARN_STRICT_PROTOTYPES = YES;
				CLANG_WARN_SUSPICIOUS_MOVE = YES;
				CLANG_WARN_UNGUARDED_AVAILABILITY = YES_AGGRESSIVE;
				CLANG_WARN_UNREACHABLE_CODE = YES;
				CLANG_WARN__DUPLICATE_METHOD_MATCH = YES;
				CODE_SIGN_IDENTITY = "iPhone Developer";
				COPY_PHASE_STRIP = NO;
				DEBUG_INFORMATION_FORMAT = dwarf;
				ENABLE_STRICT_OBJC_MSGSEND = YES;
				ENABLE_TESTABILITY = YES;
				GCC_C_LANGUAGE_STANDARD = gnu11;
				GCC_DYNAMIC_NO_PIC = NO;
				GCC_NO_COMMON_BLOCKS = YES;
				GCC_OPTIMIZATION_LEVEL = 0;
				GCC_PREPROCESSOR_DEFINITIONS = (
					"DEBUG=1",
					"$(inherited)",
				);
				GCC_WARN_64_TO_32_BIT_CONVERSION = YES;
				GCC_WARN_ABOUT_RETURN_TYPE = YES_ERROR;
				GCC_WARN_UNDECLARED_SELECTOR = YES;
				GCC_WARN_UNINITIALIZED_AUTOS = YES_AGGRESSIVE;
				GCC_WARN_UNUSED_FUNCTION = YES;
				GCC_WARN_UNUSED_VARIABLE = YES;
				IPHONEOS_DEPLOYMENT_TARGET = 11.4;
				MTL_ENABLE_DEBUG_INFO = YES;
				ONLY_ACTIVE_ARCH = YES;
				SDKROOT = iphoneos;
				SWIFT_ACTIVE_COMPILATION_CONDITIONS = DEBUG;
				SWIFT_OPTIMIZATION_LEVEL = "-Onone";
			};
			name = Debug;
		};
		185B719E20DC4C8500FEFF5A /* Release */ = {
			isa = XCBuildConfiguration;
			buildSettings = {
				ALWAYS_SEARCH_USER_PATHS = NO;
				CLANG_ANALYZER_NONNULL = YES;
				CLANG_ANALYZER_NUMBER_OBJECT_CONVERSION = YES_AGGRESSIVE;
				CLANG_CXX_LANGUAGE_STANDARD = "gnu++14";
				CLANG_CXX_LIBRARY = "libc++";
				CLANG_ENABLE_MODULES = YES;
				CLANG_ENABLE_OBJC_ARC = YES;
				CLANG_ENABLE_OBJC_WEAK = YES;
				CLANG_WARN_BLOCK_CAPTURE_AUTORELEASING = YES;
				CLANG_WARN_BOOL_CONVERSION = YES;
				CLANG_WARN_COMMA = YES;
				CLANG_WARN_CONSTANT_CONVERSION = YES;
				CLANG_WARN_DEPRECATED_OBJC_IMPLEMENTATIONS = YES;
				CLANG_WARN_DIRECT_OBJC_ISA_USAGE = YES_ERROR;
				CLANG_WARN_DOCUMENTATION_COMMENTS = YES;
				CLANG_WARN_EMPTY_BODY = YES;
				CLANG_WARN_ENUM_CONVERSION = YES;
				CLANG_WARN_INFINITE_RECURSION = YES;
				CLANG_WARN_INT_CONVERSION = YES;
				CLANG_WARN_NON_LITERAL_NULL_CONVERSION = YES;
				CLANG_WARN_OBJC_IMPLICIT_RETAIN_SELF = YES;
				CLANG_WARN_OBJC_LITERAL_CONVERSION = YES;
				CLANG_WARN_OBJC_ROOT_CLASS = YES_ERROR;
				CLANG_WARN_RANGE_LOOP_ANALYSIS = YES;
				CLANG_WARN_STRICT_PROTOTYPES = YES;
				CLANG_WARN_SUSPICIOUS_MOVE = YES;
				CLANG_WARN_UNGUARDED_AVAILABILITY = YES_AGGRESSIVE;
				CLANG_WARN_UNREACHABLE_CODE = YES;
				CLANG_WARN__DUPLICATE_METHOD_MATCH = YES;
				CODE_SIGN_IDENTITY = "iPhone Developer";
				COPY_PHASE_STRIP = NO;
				DEBUG_INFORMATION_FORMAT = "dwarf-with-dsym";
				ENABLE_NS_ASSERTIONS = NO;
				ENABLE_STRICT_OBJC_MSGSEND = YES;
				GCC_C_LANGUAGE_STANDARD = gnu11;
				GCC_NO_COMMON_BLOCKS = YES;
				GCC_WARN_64_TO_32_BIT_CONVERSION = YES;
				GCC_WARN_ABOUT_RETURN_TYPE = YES_ERROR;
				GCC_WARN_UNDECLARED_SELECTOR = YES;
				GCC_WARN_UNINITIALIZED_AUTOS = YES_AGGRESSIVE;
				GCC_WARN_UNUSED_FUNCTION = YES;
				GCC_WARN_UNUSED_VARIABLE = YES;
				IPHONEOS_DEPLOYMENT_TARGET = 11.4;
				MTL_ENABLE_DEBUG_INFO = NO;
				SDKROOT = iphoneos;
				SWIFT_COMPILATION_MODE = wholemodule;
				SWIFT_OPTIMIZATION_LEVEL = "-O";
				VALIDATE_PRODUCT = YES;
			};
			name = Release;
		};
		185B71A020DC4C8500FEFF5A /* Debug */ = {
			isa = XCBuildConfiguration;
			baseConfigurationReference = B09F054E5691234539FF7A4D /* Pods-GitHunt.debug.xcconfig */;
			buildSettings = {
				ASSETCATALOG_COMPILER_APPICON_NAME = AppIcon;
				CODE_SIGN_ENTITLEMENTS = GitHunt/GitHunt.entitlements;
				CODE_SIGN_STYLE = Automatic;
				DEVELOPMENT_TEAM = 89F8K9PS4Z;
				INFOPLIST_FILE = "$(SRCROOT)/GitHunt/Supporting Files/Info.plist";
				LD_RUNPATH_SEARCH_PATHS = (
					"$(inherited)",
					"@executable_path/Frameworks",
				);
				PRODUCT_BUNDLE_IDENTIFIER = com.othmane.GitHunt;
				PRODUCT_NAME = "$(TARGET_NAME)";
				SWIFT_VERSION = 4.0;
				TARGETED_DEVICE_FAMILY = "1,2";
			};
			name = Debug;
		};
		185B71A120DC4C8500FEFF5A /* Release */ = {
			isa = XCBuildConfiguration;
			baseConfigurationReference = 2923B626644A8CE014A1FF38 /* Pods-GitHunt.release.xcconfig */;
			buildSettings = {
				ASSETCATALOG_COMPILER_APPICON_NAME = AppIcon;
				CODE_SIGN_ENTITLEMENTS = GitHunt/GitHunt.entitlements;
				CODE_SIGN_STYLE = Automatic;
				DEVELOPMENT_TEAM = 89F8K9PS4Z;
				INFOPLIST_FILE = "$(SRCROOT)/GitHunt/Supporting Files/Info.plist";
				LD_RUNPATH_SEARCH_PATHS = (
					"$(inherited)",
					"@executable_path/Frameworks",
				);
				PRODUCT_BUNDLE_IDENTIFIER = com.othmane.GitHunt;
				PRODUCT_NAME = "$(TARGET_NAME)";
				SWIFT_VERSION = 4.0;
				TARGETED_DEVICE_FAMILY = "1,2";
			};
			name = Release;
		};
/* End XCBuildConfiguration section */

/* Begin XCConfigurationList section */
		185B718820DC4C8300FEFF5A /* Build configuration list for PBXProject "GitHunt" */ = {
			isa = XCConfigurationList;
			buildConfigurations = (
				185B719D20DC4C8500FEFF5A /* Debug */,
				185B719E20DC4C8500FEFF5A /* Release */,
			);
			defaultConfigurationIsVisible = 0;
			defaultConfigurationName = Release;
		};
		185B719F20DC4C8500FEFF5A /* Build configuration list for PBXNativeTarget "GitHunt" */ = {
			isa = XCConfigurationList;
			buildConfigurations = (
				185B71A020DC4C8500FEFF5A /* Debug */,
				185B71A120DC4C8500FEFF5A /* Release */,
			);
			defaultConfigurationIsVisible = 0;
			defaultConfigurationName = Release;
		};
/* End XCConfigurationList section */
	};
	rootObject = 185B718520DC4C8300FEFF5A /* Project object */;
}
